
Microsoft Visual Studio Solution File, Format Version 12.00
# Visual Studio 14
VisualStudioVersion = 14.0.24720.0
MinimumVisualStudioVersion = 10.0.40219.1
Project("{FAE04EC0-301F-11D3-BF4B-00C04F79EFBC}") = "Wunderlist.DataAccess.Interfaces", "Wunderlist.DataAccess.Interfaces\Wunderlist.DataAccess.Interfaces.csproj", "{7FDB7D66-A0EE-4D10-B4B4-4BDF4ED02BE5}"
EndProject
Project("{FAE04EC0-301F-11D3-BF4B-00C04F79EFBC}") = "Wunderlist.DataAccess.Repositories", "Wunderlist.DataAccess.Repositories\Wunderlist.DataAccess.Repositories.csproj", "{E598FD83-8901-4002-9273-5D0A1E763E7D}"
EndProject
Project("{FAE04EC0-301F-11D3-BF4B-00C04F79EFBC}") = "Wunderlist.BusinessLogic.Services", "Wunderlist.BusinessLogic.Services\Wunderlist.BusinessLogic.Services.csproj", "{840F16FC-ACF0-4D53-976A-194556AEC7E5}"
EndProject
Project("{FAE04EC0-301F-11D3-BF4B-00C04F79EFBC}") = "ServiceToDataDependencyResolver", "ServiceToDataDependencyResolver\ServiceToDataDependencyResolver.csproj", "{3827B8E4-F39E-40C7-A1CC-80F7896CF7A3}"
EndProject
Project("{FAE04EC0-301F-11D3-BF4B-00C04F79EFBC}") = "Wunderlist.WebUserInterface", "Wunderlist.WebUserInterface\Wunderlist.WebUserInterface.csproj", "{3F5B3CDE-F92B-4000-9289-2D2B0CAD8C76}"
EndProject
Global
	GlobalSection(SolutionConfigurationPlatforms) = preSolution
		Debug|Any CPU = Debug|Any CPU
		Release|Any CPU = Release|Any CPU
	EndGlobalSection
	GlobalSection(ProjectConfigurationPlatforms) = postSolution
		{7FDB7D66-A0EE-4D10-B4B4-4BDF4ED02BE5}.Debug|Any CPU.ActiveCfg = Debug|Any CPU
		{7FDB7D66-A0EE-4D10-B4B4-4BDF4ED02BE5}.Debug|Any CPU.Build.0 = Debug|Any CPU
		{7FDB7D66-A0EE-4D10-B4B4-4BDF4ED02BE5}.Release|Any CPU.ActiveCfg = Release|Any CPU
		{7FDB7D66-A0EE-4D10-B4B4-4BDF4ED02BE5}.Release|Any CPU.Build.0 = Release|Any CPU
		{E598FD83-8901-4002-9273-5D0A1E763E7D}.Debug|Any CPU.ActiveCfg = Debug|Any CPU
		{E598FD83-8901-4002-9273-5D0A1E763E7D}.Debug|Any CPU.Build.0 = Debug|Any CPU
		{E598FD83-8901-4002-9273-5D0A1E763E7D}.Release|Any CPU.ActiveCfg = Release|Any CPU
		{E598FD83-8901-4002-9273-5D0A1E763E7D}.Release|Any CPU.Build.0 = Release|Any CPU
		{840F16FC-ACF0-4D53-976A-194556AEC7E5}.Debug|Any CPU.ActiveCfg = Debug|Any CPU
		{840F16FC-ACF0-4D53-976A-194556AEC7E5}.Debug|Any CPU.Build.0 = Debug|Any CPU
		{840F16FC-ACF0-4D53-976A-194556AEC7E5}.Release|Any CPU.ActiveCfg = Release|Any CPU
		{840F16FC-ACF0-4D53-976A-194556AEC7E5}.Release|Any CPU.Build.0 = Release|Any CPU
		{3827B8E4-F39E-40C7-A1CC-80F7896CF7A3}.Debug|Any CPU.ActiveCfg = Debug|Any CPU
		{3827B8E4-F39E-40C7-A1CC-80F7896CF7A3}.Debug|Any CPU.Build.0 = Debug|Any CPU
		{3827B8E4-F39E-40C7-A1CC-80F7896CF7A3}.Release|Any CPU.ActiveCfg = Release|Any CPU
		{3827B8E4-F39E-40C7-A1CC-80F7896CF7A3}.Release|Any CPU.Build.0 = Release|Any CPU
		{3F5B3CDE-F92B-4000-9289-2D2B0CAD8C76}.Debug|Any CPU.ActiveCfg = Debug|Any CPU
		{3F5B3CDE-F92B-4000-9289-2D2B0CAD8C76}.Debug|Any CPU.Build.0 = Debug|Any CPU
		{3F5B3CDE-F92B-4000-9289-2D2B0CAD8C76}.Release|Any CPU.ActiveCfg = Release|Any CPU
		{3F5B3CDE-F92B-4000-9289-2D2B0CAD8C76}.Release|Any CPU.Build.0 = Release|Any CPU
	EndGlobalSection
	GlobalSection(SolutionProperties) = preSolution
		HideSolutionNode = FALSE
	EndGlobalSection
EndGlobal
